// !$*UTF8*$!
{
	archiveVersion = 1;
	classes = {
	};
	objectVersion = 46;
	objects = {

/* Begin PBXBuildFile section */
		4EFCEA411C8090BE00CA3D5C /* AppDelegate.swift in Sources */ = {isa = PBXBuildFile; fileRef = 4EFCEA401C8090BE00CA3D5C /* AppDelegate.swift */; };
		4EFCEA431C8090BE00CA3D5C /* ViewController.swift in Sources */ = {isa = PBXBuildFile; fileRef = 4EFCEA421C8090BE00CA3D5C /* ViewController.swift */; };
		4EFCEA461C8090BE00CA3D5C /* Main.storyboard in Resources */ = {isa = PBXBuildFile; fileRef = 4EFCEA441C8090BE00CA3D5C /* Main.storyboard */; };
		4EFCEA481C8090BE00CA3D5C /* Assets.xcassets in Resources */ = {isa = PBXBuildFile; fileRef = 4EFCEA471C8090BE00CA3D5C /* Assets.xcassets */; };
		4EFCEA4B1C8090BE00CA3D5C /* LaunchScreen.storyboard in Resources */ = {isa = PBXBuildFile; fileRef = 4EFCEA491C8090BE00CA3D5C /* LaunchScreen.storyboard */; };
		4EFCEA551C8090E700CA3D5C /* SimpleFragmentShader.glsl in Resources */ = {isa = PBXBuildFile; fileRef = 4EFCEA531C8090E700CA3D5C /* SimpleFragmentShader.glsl */; };
		4EFCEA561C8090E700CA3D5C /* SimpleVertexShader.glsl in Resources */ = {isa = PBXBuildFile; fileRef = 4EFCEA541C8090E700CA3D5C /* SimpleVertexShader.glsl */; };
		4EFCEA591C80914200CA3D5C /* BaseEffect.swift in Sources */ = {isa = PBXBuildFile; fileRef = 4EFCEA571C80914200CA3D5C /* BaseEffect.swift */; };
		4EFCEA5A1C80914200CA3D5C /* Vertex.swift in Sources */ = {isa = PBXBuildFile; fileRef = 4EFCEA581C80914200CA3D5C /* Vertex.swift */; };
/* End PBXBuildFile section */

/* Begin PBXFileReference section */
		4EFCEA3D1C8090BE00CA3D5C /* IndexedSquare.app */ = {isa = PBXFileReference; explicitFileType = wrapper.application; includeInIndex = 0; path = IndexedSquare.app; sourceTree = BUILT_PRODUCTS_DIR; };
		4EFCEA401C8090BE00CA3D5C /* AppDelegate.swift */ = {isa = PBXFileReference; lastKnownFileType = sourcecode.swift; path = AppDelegate.swift; sourceTree = "<group>"; };
		4EFCEA421C8090BE00CA3D5C /* ViewController.swift */ = {isa = PBXFileReference; lastKnownFileType = sourcecode.swift; path = ViewController.swift; sourceTree = "<group>"; };
		4EFCEA451C8090BE00CA3D5C /* Base */ = {isa = PBXFileReference; lastKnownFileType = file.storyboard; name = Base; path = Base.lproj/Main.storyboard; sourceTree = "<group>"; };
		4EFCEA471C8090BE00CA3D5C /* Assets.xcassets */ = {isa = PBXFileReference; lastKnownFileType = folder.assetcatalog; path = Assets.xcassets; sourceTree = "<group>"; };
		4EFCEA4A1C8090BE00CA3D5C /* Base */ = {isa = PBXFileReference; lastKnownFileType = file.storyboard; name = Base; path = Base.lproj/LaunchScreen.storyboard; sourceTree = "<group>"; };
		4EFCEA4C1C8090BE00CA3D5C /* Info.plist */ = {isa = PBXFileReference; lastKnownFileType = text.plist.xml; path = Info.plist; sourceTree = "<group>"; };
		4EFCEA531C8090E700CA3D5C /* SimpleFragmentShader.glsl */ = {isa = PBXFileReference; fileEncoding = 4; lastKnownFileType = text; path = SimpleFragmentShader.glsl; sourceTree = "<group>"; };
		4EFCEA541C8090E700CA3D5C /* SimpleVertexShader.glsl */ = {isa = PBXFileReference; fileEncoding = 4; lastKnownFileType = text; path = SimpleVertexShader.glsl; sourceTree = "<group>"; };
		4EFCEA571C80914200CA3D5C /* BaseEffect.swift */ = {isa = PBXFileReference; fileEncoding = 4; lastKnownFileType = sourcecode.swift; path = BaseEffect.swift; sourceTree = "<group>"; };
		4EFCEA581C80914200CA3D5C /* Vertex.swift */ = {isa = PBXFileReference; fileEncoding = 4; lastKnownFileType = sourcecode.swift; path = Vertex.swift; sourceTree = "<group>"; };
/* End PBXFileReference section */

/* Begin PBXFrameworksBuildPhase section */
		4EFCEA3A1C8090BE00CA3D5C /* Frameworks */ = {
			isa = PBXFrameworksBuildPhase;
			buildActionMask = 2147483647;
			files = (
			);
			runOnlyForDeploymentPostprocessing = 0;
		};
/* End PBXFrameworksBuildPhase section */

/* Begin PBXGroup section */
		4EFCEA341C8090BE00CA3D5C = {
			isa = PBXGroup;
			children = (
				4EFCEA3F1C8090BE00CA3D5C /* IndexedSquare */,
				4EFCEA3E1C8090BE00CA3D5C /* Products */,
			);
			sourceTree = "<group>";
		};
		4EFCEA3E1C8090BE00CA3D5C /* Products */ = {
			isa = PBXGroup;
			children = (
				4EFCEA3D1C8090BE00CA3D5C /* IndexedSquare.app */,
			);
			name = Products;
			sourceTree = "<group>";
		};
		4EFCEA3F1C8090BE00CA3D5C /* IndexedSquare */ = {
			isa = PBXGroup;
			children = (
				4EFCEA521C8090D800CA3D5C /* shader */,
				4EFCEA401C8090BE00CA3D5C /* AppDelegate.swift */,
				4EFCEA421C8090BE00CA3D5C /* ViewController.swift */,
				4EFCEA571C80914200CA3D5C /* BaseEffect.swift */,
				4EFCEA581C80914200CA3D5C /* Vertex.swift */,
				4EFCEA441C8090BE00CA3D5C /* Main.storyboard */,
				4EFCEA471C8090BE00CA3D5C /* Assets.xcassets */,
				4EFCEA491C8090BE00CA3D5C /* LaunchScreen.storyboard */,
				4EFCEA4C1C8090BE00CA3D5C /* Info.plist */,
			);
			path = IndexedSquare;
			sourceTree = "<group>";
		};
		4EFCEA521C8090D800CA3D5C /* shader */ = {
			isa = PBXGroup;
			children = (
				4EFCEA531C8090E700CA3D5C /* SimpleFragmentShader.glsl */,
				4EFCEA541C8090E700CA3D5C /* SimpleVertexShader.glsl */,
			);
			name = shader;
			sourceTree = "<group>";
		};
/* End PBXGroup section */

/* Begin PBXNativeTarget section */
		4EFCEA3C1C8090BE00CA3D5C /* IndexedSquare */ = {
			isa = PBXNativeTarget;
			buildConfigurationList = 4EFCEA4F1C8090BE00CA3D5C /* Build configuration list for PBXNativeTarget "IndexedSquare" */;
			buildPhases = (
				4EFCEA391C8090BE00CA3D5C /* Sources */,
				4EFCEA3A1C8090BE00CA3D5C /* Frameworks */,
				4EFCEA3B1C8090BE00CA3D5C /* Resources */,
			);
			buildRules = (
			);
			dependencies = (
			);
			name = IndexedSquare;
			productName = IndexedSquare;
			productReference = 4EFCEA3D1C8090BE00CA3D5C /* IndexedSquare.app */;
			productType = "com.apple.product-type.application";
		};
/* End PBXNativeTarget section */

/* Begin PBXProject section */
		4EFCEA351C8090BE00CA3D5C /* Project object */ = {
			isa = PBXProject;
			attributes = {
				LastSwiftUpdateCheck = 0720;
				LastUpgradeCheck = 0720;
				ORGANIZATIONNAME = BurtK;
				TargetAttributes = {
					4EFCEA3C1C8090BE00CA3D5C = {
						CreatedOnToolsVersion = 7.2;
						LastSwiftMigration = 0820;
					};
				};
			};
			buildConfigurationList = 4EFCEA381C8090BE00CA3D5C /* Build configuration list for PBXProject "IndexedSquare" */;
			compatibilityVersion = "Xcode 3.2";
			developmentRegion = English;
			hasScannedForEncodings = 0;
			knownRegions = (
				en,
				Base,
			);
			mainGroup = 4EFCEA341C8090BE00CA3D5C;
			productRefGroup = 4EFCEA3E1C8090BE00CA3D5C /* Products */;
			projectDirPath = "";
			projectRoot = "";
			targets = (
				4EFCEA3C1C8090BE00CA3D5C /* IndexedSquare */,
			);
		};
/* End PBXProject section */

/* Begin PBXResourcesBuildPhase section */
		4EFCEA3B1C8090BE00CA3D5C /* Resources */ = {
			isa = PBXResourcesBuildPhase;
			buildActionMask = 2147483647;
			files = (
				4EFCEA4B1C8090BE00CA3D5C /* LaunchScreen.storyboard in Resources */,
				4EFCEA481C8090BE00CA3D5C /* Assets.xcassets in Resources */,
				4EFCEA561C8090E700CA3D5C /* SimpleVertexShader.glsl in Resources */,
				4EFCEA551C8090E700CA3D5C /* SimpleFragmentShader.glsl in Resources */,
				4EFCEA461C8090BE00CA3D5C /* Main.storyboard in Resources */,
			);
			runOnlyForDeploymentPostprocessing = 0;
		};
/* End PBXResourcesBuildPhase section */

/* Begin PBXSourcesBuildPhase section */
		4EFCEA391C8090BE00CA3D5C /* Sources */ = {
			isa = PBXSourcesBuildPhase;
			buildActionMask = 2147483647;
			files = (
				4EFCEA431C8090BE00CA3D5C /* ViewController.swift in Sources */,
				4EFCEA5A1C80914200CA3D5C /* Vertex.swift in Sources */,
				4EFCEA411C8090BE00CA3D5C /* AppDelegate.swift in Sources */,
				4EFCEA591C80914200CA3D5C /* BaseEffect.swift in Sources */,
			);
			runOnlyForDeploymentPostprocessing = 0;
		};
/* End PBXSourcesBuildPhase section */

/* Begin PBXVariantGroup section */
		4EFCEA441C8090BE00CA3D5C /* Main.storyboard */ = {
			isa = PBXVariantGroup;
			children = (
				4EFCEA451C8090BE00CA3D5C /* Base */,
			);
			name = Main.storyboard;
			sourceTree = "<group>";
		};
		4EFCEA491C8090BE00CA3D5C /* LaunchScreen.storyboard */ = {
			isa = PBXVariantGroup;
			children = (
				4EFCEA4A1C8090BE00CA3D5C /* Base */,
			);
			name = LaunchScreen.storyboard;
			sourceTree = "<group>";
		};
/* End PBXVariantGroup section */

/* Begin XCBuildConfiguration section */
		4EFCEA4D1C8090BE00CA3D5C /* Debug */ = {
			isa = XCBuildConfiguration;
			buildSettings = {
				ALWAYS_SEARCH_USER_PATHS = NO;
				CLANG_CXX_LANGUAGE_STANDARD = "gnu++0x";
				CLANG_CXX_LIBRARY = "libc++";
				CLANG_ENABLE_MODULES = YES;
				CLANG_ENABLE_OBJC_ARC = YES;
				CLANG_WARN_BOOL_CONVERSION = YES;
				CLANG_WARN_CONSTANT_CONVERSION = YES;
				CLANG_WARN_DIRECT_OBJC_ISA_USAGE = YES_ERROR;
				CLANG_WARN_EMPTY_BODY = YES;
				CLANG_WARN_ENUM_CONVERSION = YES;
				CLANG_WARN_INT_CONVERSION = YES;
				CLANG_WARN_OBJC_ROOT_CLASS = YES_ERROR;
				CLANG_WARN_UNREACHABLE_CODE = YES;
				CLANG_WARN__DUPLICATE_METHOD_MATCH = YES;
				"CODE_SIGN_IDENTITY[sdk=iphoneos*]" = "iPhone Developer";
				COPY_PHASE_STRIP = NO;
				DEBUG_INFORMATION_FORMAT = dwarf;
				ENABLE_STRICT_OBJC_MSGSEND = YES;
				ENABLE_TESTABILITY = YES;
				GCC_C_LANGUAGE_STANDARD = gnu99;
				GCC_DYNAMIC_NO_PIC = NO;
				GCC_NO_COMMON_BLOCKS = YES;
				GCC_OPTIMIZATION_LEVEL = 0;
				GCC_PREPROCESSOR_DEFINITIONS = (
					"DEBUG=1",
					"$(inherited)",
				);
				GCC_WARN_64_TO_32_BIT_CONVERSION = YES;
				GCC_WARN_ABOUT_RETURN_TYPE = YES_ERROR;
				GCC_WARN_UNDECLARED_SELECTOR = YES;
				GCC_WARN_UNINITIALIZED_AUTOS = YES_AGGRESSIVE;
				GCC_WARN_UNUSED_FUNCTION = YES;
				GCC_WARN_UNUSED_VARIABLE = YES;
				IPHONEOS_DEPLOYMENT_TARGET = 9.2;
				MTL_ENABLE_DEBUG_INFO = YES;
				ONLY_ACTIVE_ARCH = YES;
				SDKROOT = iphoneos;
				SWIFT_OPTIMIZATION_LEVEL = "-Onone";
			};
			name = Debug;
		};
		4EFCEA4E1C8090BE00CA3D5C /* Release */ = {
			isa = XCBuildConfiguration;
			buildSettings = {
				ALWAYS_SEARCH_USER_PATHS = NO;
				CLANG_CXX_LANGUAGE_STANDARD = "gnu++0x";
				CLANG_CXX_LIBRARY = "libc++";
				CLANG_ENABLE_MODULES = YES;
				CLANG_ENABLE_OBJC_ARC = YES;
				CLANG_WARN_BOOL_CONVERSION = YES;
				CLANG_WARN_CONSTANT_CONVERSION = YES;
				CLANG_WARN_DIRECT_OBJC_ISA_USAGE = YES_ERROR;
				CLANG_WARN_EMPTY_BODY = YES;
				CLANG_WARN_ENUM_CONVERSION = YES;
				CLANG_WARN_INT_CONVERSION = YES;
				CLANG_WARN_OBJC_ROOT_CLASS = YES_ERROR;
				CLANG_WARN_UNREACHABLE_CODE = YES;
				CLANG_WARN__DUPLICATE_METHOD_MATCH = YES;
				"CODE_SIGN_IDENTITY[sdk=iphoneos*]" = "iPhone Developer";
				COPY_PHASE_STRIP = NO;
				DEBUG_INFORMATION_FORMAT = "dwarf-with-dsym";
				ENABLE_NS_ASSERTIONS = NO;
				ENABLE_STRICT_OBJC_MSGSEND = YES;
				GCC_C_LANGUAGE_STANDARD = gnu99;
				GCC_NO_COMMON_BLOCKS = YES;
				GCC_WARN_64_TO_32_BIT_CONVERSION = YES;
				GCC_WARN_ABOUT_RETURN_TYPE = YES_ERROR;
				GCC_WARN_UNDECLARED_SELECTOR = YES;
				GCC_WARN_UNINITIALIZED_AUTOS = YES_AGGRESSIVE;
				GCC_WARN_UNUSED_FUNCTION = YES;
				GCC_WARN_UNUSED_VARIABLE = YES;
				IPHONEOS_DEPLOYMENT_TARGET = 9.2;
				MTL_ENABLE_DEBUG_INFO = NO;
				SDKROOT = iphoneos;
				VALIDATE_PRODUCT = YES;
			};
			name = Release;
		};
		4EFCEA501C8090BE00CA3D5C /* Debug */ = {
			isa = XCBuildConfiguration;
			buildSettings = {
				ASSETCATALOG_COMPILER_APPICON_NAME = AppIcon;
				INFOPLIST_FILE = IndexedSquare/Info.plist;
				LD_RUNPATH_SEARCH_PATHS = "$(inherited) @executable_path/Frameworks";
				PRODUCT_BUNDLE_IDENTIFIER = kr.pe.burt.ios.IndexedSquare;
				PRODUCT_NAME = "$(TARGET_NAME)";
				SWIFT_VERSION = 3.0;
			};
			name = Debug;
		};
		4EFCEA511C8090BE00CA3D5C /* Release */ = {
			isa = XCBuildConfiguration;
			buildSettings = {
				ASSETCATALOG_COMPILER_APPICON_NAME = AppIcon;
				INFOPLIST_FILE = IndexedSquare/Info.plist;
				LD_RUNPATH_SEARCH_PATHS = "$(inherited) @executable_path/Frameworks";
				PRODUCT_BUNDLE_IDENTIFIER = kr.pe.burt.ios.IndexedSquare;
				PRODUCT_NAME = "$(TARGET_NAME)";
				SWIFT_VERSION = 3.0;
			};
			name = Release;
		};
/* End XCBuildConfiguration section */

/* Begin XCConfigurationList section */
		4EFCEA381C8090BE00CA3D5C /* Build configuration list for PBXProject "IndexedSquare" */ = {
			isa = XCConfigurationList;
			buildConfigurations = (
				4EFCEA4D1C8090BE00CA3D5C /* Debug */,
				4EFCEA4E1C8090BE00CA3D5C /* Release */,
			);
			defaultConfigurationIsVisible = 0;
			defaultConfigurationName = Release;
		};
		4EFCEA4F1C8090BE00CA3D5C /* Build configuration list for PBXNativeTarget "IndexedSquare" */ = {
			isa = XCConfigurationList;
			buildConfigurations = (
				4EFCEA501C8090BE00CA3D5C /* Debug */,
				4EFCEA511C8090BE00CA3D5C /* Release */,
			);
			defaultConfigurationIsVisible = 0;
			defaultConfigurationName = Release;
		};
/* End XCConfigurationList section */
	};
	rootObject = 4EFCEA351C8090BE00CA3D5C /* Project object */;
}
