// !$*UTF8*$!
{
	archiveVersion = 1;
	classes = {
	};
	objectVersion = 46;
	objects = {

/* Begin PBXBuildFile section */
		4EF5DF181C7F03F1001DD32E /* Vertex.swift in Sources */ = {isa = PBXBuildFile; fileRef = 4EF5DF171C7F03F1001DD32E /* Vertex.swift */; };
		4EF5DF1A1C7F0460001DD32E /* BaseEffect.swift in Sources */ = {isa = PBXBuildFile; fileRef = 4EF5DF191C7F0460001DD32E /* BaseEffect.swift */; };
		4EF5DF1D1C7F232F001DD32E /* SimpleVertexShader.glsl in Resources */ = {isa = PBXBuildFile; fileRef = 4EF5DF1C1C7F232F001DD32E /* SimpleVertexShader.glsl */; };
		4EF5DF1F1C7F2354001DD32E /* SimpleFragmentShader.glsl in Resources */ = {isa = PBXBuildFile; fileRef = 4EF5DF1E1C7F2354001DD32E /* SimpleFragmentShader.glsl */; };
		4EF9BCA21C7EBEF4001FC3BF /* AppDelegate.swift in Sources */ = {isa = PBXBuildFile; fileRef = 4EF9BCA11C7EBEF4001FC3BF /* AppDelegate.swift */; };
		4EF9BCA41C7EBEF4001FC3BF /* ViewController.swift in Sources */ = {isa = PBXBuildFile; fileRef = 4EF9BCA31C7EBEF4001FC3BF /* ViewController.swift */; };
		4EF9BCA71C7EBEF4001FC3BF /* Main.storyboard in Resources */ = {isa = PBXBuildFile; fileRef = 4EF9BCA51C7EBEF4001FC3BF /* Main.storyboard */; };
		4EF9BCA91C7EBEF4001FC3BF /* Assets.xcassets in Resources */ = {isa = PBXBuildFile; fileRef = 4EF9BCA81C7EBEF4001FC3BF /* Assets.xcassets */; };
		4EF9BCAC1C7EBEF4001FC3BF /* LaunchScreen.storyboard in Resources */ = {isa = PBXBuildFile; fileRef = 4EF9BCAA1C7EBEF4001FC3BF /* LaunchScreen.storyboard */; };
/* End PBXBuildFile section */

/* Begin PBXFileReference section */
		4EF5DF171C7F03F1001DD32E /* Vertex.swift */ = {isa = PBXFileReference; fileEncoding = 4; lastKnownFileType = sourcecode.swift; path = Vertex.swift; sourceTree = "<group>"; };
		4EF5DF191C7F0460001DD32E /* BaseEffect.swift */ = {isa = PBXFileReference; fileEncoding = 4; lastKnownFileType = sourcecode.swift; path = BaseEffect.swift; sourceTree = "<group>"; };
		4EF5DF1C1C7F232F001DD32E /* SimpleVertexShader.glsl */ = {isa = PBXFileReference; fileEncoding = 4; lastKnownFileType = text; path = SimpleVertexShader.glsl; sourceTree = "<group>"; };
		4EF5DF1E1C7F2354001DD32E /* SimpleFragmentShader.glsl */ = {isa = PBXFileReference; fileEncoding = 4; lastKnownFileType = text; path = SimpleFragmentShader.glsl; sourceTree = "<group>"; };
		4EF9BC9E1C7EBEF4001FC3BF /* Triangle.app */ = {isa = PBXFileReference; explicitFileType = wrapper.application; includeInIndex = 0; path = Triangle.app; sourceTree = BUILT_PRODUCTS_DIR; };
		4EF9BCA11C7EBEF4001FC3BF /* AppDelegate.swift */ = {isa = PBXFileReference; lastKnownFileType = sourcecode.swift; path = AppDelegate.swift; sourceTree = "<group>"; };
		4EF9BCA31C7EBEF4001FC3BF /* ViewController.swift */ = {isa = PBXFileReference; lastKnownFileType = sourcecode.swift; path = ViewController.swift; sourceTree = "<group>"; };
		4EF9BCA61C7EBEF4001FC3BF /* Base */ = {isa = PBXFileReference; lastKnownFileType = file.storyboard; name = Base; path = Base.lproj/Main.storyboard; sourceTree = "<group>"; };
		4EF9BCA81C7EBEF4001FC3BF /* Assets.xcassets */ = {isa = PBXFileReference; lastKnownFileType = folder.assetcatalog; path = Assets.xcassets; sourceTree = "<group>"; };
		4EF9BCAB1C7EBEF4001FC3BF /* Base */ = {isa = PBXFileReference; lastKnownFileType = file.storyboard; name = Base; path = Base.lproj/LaunchScreen.storyboard; sourceTree = "<group>"; };
		4EF9BCAD1C7EBEF4001FC3BF /* Info.plist */ = {isa = PBXFileReference; lastKnownFileType = text.plist.xml; path = Info.plist; sourceTree = "<group>"; };
/* End PBXFileReference section */

/* Begin PBXFrameworksBuildPhase section */
		4EF9BC9B1C7EBEF4001FC3BF /* Frameworks */ = {
			isa = PBXFrameworksBuildPhase;
			buildActionMask = 2147483647;
			files = (
			);
			runOnlyForDeploymentPostprocessing = 0;
		};
/* End PBXFrameworksBuildPhase section */

/* Begin PBXGroup section */
		4EF5DF1B1C7F2305001DD32E /* shader */ = {
			isa = PBXGroup;
			children = (
				4EF5DF1C1C7F232F001DD32E /* SimpleVertexShader.glsl */,
				4EF5DF1E1C7F2354001DD32E /* SimpleFragmentShader.glsl */,
			);
			name = shader;
			sourceTree = "<group>";
		};
		4EF9BC951C7EBEF4001FC3BF = {
			isa = PBXGroup;
			children = (
				4EF9BCA01C7EBEF4001FC3BF /* Triangle */,
				4EF9BC9F1C7EBEF4001FC3BF /* Products */,
			);
			sourceTree = "<group>";
		};
		4EF9BC9F1C7EBEF4001FC3BF /* Products */ = {
			isa = PBXGroup;
			children = (
				4EF9BC9E1C7EBEF4001FC3BF /* Triangle.app */,
			);
			name = Products;
			sourceTree = "<group>";
		};
		4EF9BCA01C7EBEF4001FC3BF /* Triangle */ = {
			isa = PBXGroup;
			children = (
				4EF5DF1B1C7F2305001DD32E /* shader */,
				4EF9BCA11C7EBEF4001FC3BF /* AppDelegate.swift */,
				4EF9BCA31C7EBEF4001FC3BF /* ViewController.swift */,
				4EF9BCA51C7EBEF4001FC3BF /* Main.storyboard */,
				4EF9BCA81C7EBEF4001FC3BF /* Assets.xcassets */,
				4EF9BCAA1C7EBEF4001FC3BF /* LaunchScreen.storyboard */,
				4EF9BCAD1C7EBEF4001FC3BF /* Info.plist */,
				4EF5DF171C7F03F1001DD32E /* Vertex.swift */,
				4EF5DF191C7F0460001DD32E /* BaseEffect.swift */,
			);
			path = Triangle;
			sourceTree = "<group>";
		};
/* End PBXGroup section */

/* Begin PBXNativeTarget section */
		4EF9BC9D1C7EBEF4001FC3BF /* Triangle */ = {
			isa = PBXNativeTarget;
			buildConfigurationList = 4EF9BCB01C7EBEF4001FC3BF /* Build configuration list for PBXNativeTarget "Triangle" */;
			buildPhases = (
				4EF9BC9A1C7EBEF4001FC3BF /* Sources */,
				4EF9BC9B1C7EBEF4001FC3BF /* Frameworks */,
				4EF9BC9C1C7EBEF4001FC3BF /* Resources */,
			);
			buildRules = (
			);
			dependencies = (
			);
			name = Triangle;
			productName = Triangle;
			productReference = 4EF9BC9E1C7EBEF4001FC3BF /* Triangle.app */;
			productType = "com.apple.product-type.application";
		};
/* End PBXNativeTarget section */

/* Begin PBXProject section */
		4EF9BC961C7EBEF4001FC3BF /* Project object */ = {
			isa = PBXProject;
			attributes = {
				LastSwiftUpdateCheck = 0720;
				LastUpgradeCheck = 0720;
				ORGANIZATIONNAME = BurtK;
				TargetAttributes = {
					4EF9BC9D1C7EBEF4001FC3BF = {
						CreatedOnToolsVersion = 7.2;
						LastSwiftMigration = 0820;
					};
				};
			};
			buildConfigurationList = 4EF9BC991C7EBEF4001FC3BF /* Build configuration list for PBXProject "Triangle" */;
			compatibilityVersion = "Xcode 3.2";
			developmentRegion = English;
			hasScannedForEncodings = 0;
			knownRegions = (
				en,
				Base,
			);
			mainGroup = 4EF9BC951C7EBEF4001FC3BF;
			productRefGroup = 4EF9BC9F1C7EBEF4001FC3BF /* Products */;
			projectDirPath = "";
			projectRoot = "";
			targets = (
				4EF9BC9D1C7EBEF4001FC3BF /* Triangle */,
			);
		};
/* End PBXProject section */

/* Begin PBXResourcesBuildPhase section */
		4EF9BC9C1C7EBEF4001FC3BF /* Resources */ = {
			isa = PBXResourcesBuildPhase;
			buildActionMask = 2147483647;
			files = (
				4EF9BCAC1C7EBEF4001FC3BF /* LaunchScreen.storyboard in Resources */,
				4EF9BCA91C7EBEF4001FC3BF /* Assets.xcassets in Resources */,
				4EF5DF1D1C7F232F001DD32E /* SimpleVertexShader.glsl in Resources */,
				4EF5DF1F1C7F2354001DD32E /* SimpleFragmentShader.glsl in Resources */,
				4EF9BCA71C7EBEF4001FC3BF /* Main.storyboard in Resources */,
			);
			runOnlyForDeploymentPostprocessing = 0;
		};
/* End PBXResourcesBuildPhase section */

/* Begin PBXSourcesBuildPhase section */
		4EF9BC9A1C7EBEF4001FC3BF /* Sources */ = {
			isa = PBXSourcesBuildPhase;
			buildActionMask = 2147483647;
			files = (
				4EF5DF1A1C7F0460001DD32E /* BaseEffect.swift in Sources */,
				4EF9BCA41C7EBEF4001FC3BF /* ViewController.swift in Sources */,
				4EF9BCA21C7EBEF4001FC3BF /* AppDelegate.swift in Sources */,
				4EF5DF181C7F03F1001DD32E /* Vertex.swift in Sources */,
			);
			runOnlyForDeploymentPostprocessing = 0;
		};
/* End PBXSourcesBuildPhase section */

/* Begin PBXVariantGroup section */
		4EF9BCA51C7EBEF4001FC3BF /* Main.storyboard */ = {
			isa = PBXVariantGroup;
			children = (
				4EF9BCA61C7EBEF4001FC3BF /* Base */,
			);
			name = Main.storyboard;
			sourceTree = "<group>";
		};
		4EF9BCAA1C7EBEF4001FC3BF /* LaunchScreen.storyboard */ = {
			isa = PBXVariantGroup;
			children = (
				4EF9BCAB1C7EBEF4001FC3BF /* Base */,
			);
			name = LaunchScreen.storyboard;
			sourceTree = "<group>";
		};
/* End PBXVariantGroup section */

/* Begin XCBuildConfiguration section */
		4EF9BCAE1C7EBEF4001FC3BF /* Debug */ = {
			isa = XCBuildConfiguration;
			buildSettings = {
				ALWAYS_SEARCH_USER_PATHS = NO;
				CLANG_CXX_LANGUAGE_STANDARD = "gnu++0x";
				CLANG_CXX_LIBRARY = "libc++";
				CLANG_ENABLE_MODULES = YES;
				CLANG_ENABLE_OBJC_ARC = YES;
				CLANG_WARN_BOOL_CONVERSION = YES;
				CLANG_WARN_CONSTANT_CONVERSION = YES;
				CLANG_WARN_DIRECT_OBJC_ISA_USAGE = YES_ERROR;
				CLANG_WARN_EMPTY_BODY = YES;
				CLANG_WARN_ENUM_CONVERSION = YES;
				CLANG_WARN_INT_CONVERSION = YES;
				CLANG_WARN_OBJC_ROOT_CLASS = YES_ERROR;
				CLANG_WARN_UNREACHABLE_CODE = YES;
				CLANG_WARN__DUPLICATE_METHOD_MATCH = YES;
				"CODE_SIGN_IDENTITY[sdk=iphoneos*]" = "iPhone Developer";
				COPY_PHASE_STRIP = NO;
				DEBUG_INFORMATION_FORMAT = dwarf;
				ENABLE_STRICT_OBJC_MSGSEND = YES;
				ENABLE_TESTABILITY = YES;
				GCC_C_LANGUAGE_STANDARD = gnu99;
				GCC_DYNAMIC_NO_PIC = NO;
				GCC_NO_COMMON_BLOCKS = YES;
				GCC_OPTIMIZATION_LEVEL = 0;
				GCC_PREPROCESSOR_DEFINITIONS = (
					"DEBUG=1",
					"$(inherited)",
				);
				GCC_WARN_64_TO_32_BIT_CONVERSION = YES;
				GCC_WARN_ABOUT_RETURN_TYPE = YES_ERROR;
				GCC_WARN_UNDECLARED_SELECTOR = YES;
				GCC_WARN_UNINITIALIZED_AUTOS = YES_AGGRESSIVE;
				GCC_WARN_UNUSED_FUNCTION = YES;
				GCC_WARN_UNUSED_VARIABLE = YES;
				IPHONEOS_DEPLOYMENT_TARGET = 9.2;
				MTL_ENABLE_DEBUG_INFO = YES;
				ONLY_ACTIVE_ARCH = YES;
				SDKROOT = iphoneos;
				SWIFT_OPTIMIZATION_LEVEL = "-Onone";
			};
			name = Debug;
		};
		4EF9BCAF1C7EBEF4001FC3BF /* Release */ = {
			isa = XCBuildConfiguration;
			buildSettings = {
				ALWAYS_SEARCH_USER_PATHS = NO;
				CLANG_CXX_LANGUAGE_STANDARD = "gnu++0x";
				CLANG_CXX_LIBRARY = "libc++";
				CLANG_ENABLE_MODULES = YES;
				CLANG_ENABLE_OBJC_ARC = YES;
				CLANG_WARN_BOOL_CONVERSION = YES;
				CLANG_WARN_CONSTANT_CONVERSION = YES;
				CLANG_WARN_DIRECT_OBJC_ISA_USAGE = YES_ERROR;
				CLANG_WARN_EMPTY_BODY = YES;
				CLANG_WARN_ENUM_CONVERSION = YES;
				CLANG_WARN_INT_CONVERSION = YES;
				CLANG_WARN_OBJC_ROOT_CLASS = YES_ERROR;
				CLANG_WARN_UNREACHABLE_CODE = YES;
				CLANG_WARN__DUPLICATE_METHOD_MATCH = YES;
				"CODE_SIGN_IDENTITY[sdk=iphoneos*]" = "iPhone Developer";
				COPY_PHASE_STRIP = NO;
				DEBUG_INFORMATION_FORMAT = "dwarf-with-dsym";
				ENABLE_NS_ASSERTIONS = NO;
				ENABLE_STRICT_OBJC_MSGSEND = YES;
				GCC_C_LANGUAGE_STANDARD = gnu99;
				GCC_NO_COMMON_BLOCKS = YES;
				GCC_WARN_64_TO_32_BIT_CONVERSION = YES;
				GCC_WARN_ABOUT_RETURN_TYPE = YES_ERROR;
				GCC_WARN_UNDECLARED_SELECTOR = YES;
				GCC_WARN_UNINITIALIZED_AUTOS = YES_AGGRESSIVE;
				GCC_WARN_UNUSED_FUNCTION = YES;
				GCC_WARN_UNUSED_VARIABLE = YES;
				IPHONEOS_DEPLOYMENT_TARGET = 9.2;
				MTL_ENABLE_DEBUG_INFO = NO;
				SDKROOT = iphoneos;
				VALIDATE_PRODUCT = YES;
			};
			name = Release;
		};
		4EF9BCB11C7EBEF4001FC3BF /* Debug */ = {
			isa = XCBuildConfiguration;
			buildSettings = {
				ASSETCATALOG_COMPILER_APPICON_NAME = AppIcon;
				INFOPLIST_FILE = Triangle/Info.plist;
				LD_RUNPATH_SEARCH_PATHS = "$(inherited) @executable_path/Frameworks";
				PRODUCT_BUNDLE_IDENTIFIER = kr.pe.burt.ios.Triangle;
				PRODUCT_NAME = "$(TARGET_NAME)";
				SWIFT_VERSION = 3.0;
			};
			name = Debug;
		};
		4EF9BCB21C7EBEF4001FC3BF /* Release */ = {
			isa = XCBuildConfiguration;
			buildSettings = {
				ASSETCATALOG_COMPILER_APPICON_NAME = AppIcon;
				INFOPLIST_FILE = Triangle/Info.plist;
				LD_RUNPATH_SEARCH_PATHS = "$(inherited) @executable_path/Frameworks";
				PRODUCT_BUNDLE_IDENTIFIER = kr.pe.burt.ios.Triangle;
				PRODUCT_NAME = "$(TARGET_NAME)";
				SWIFT_VERSION = 3.0;
			};
			name = Release;
		};
/* End XCBuildConfiguration section */

/* Begin XCConfigurationList section */
		4EF9BC991C7EBEF4001FC3BF /* Build configuration list for PBXProject "Triangle" */ = {
			isa = XCConfigurationList;
			buildConfigurations = (
				4EF9BCAE1C7EBEF4001FC3BF /* Debug */,
				4EF9BCAF1C7EBEF4001FC3BF /* Release */,
			);
			defaultConfigurationIsVisible = 0;
			defaultConfigurationName = Release;
		};
		4EF9BCB01C7EBEF4001FC3BF /* Build configuration list for PBXNativeTarget "Triangle" */ = {
			isa = XCConfigurationList;
			buildConfigurations = (
				4EF9BCB11C7EBEF4001FC3BF /* Debug */,
				4EF9BCB21C7EBEF4001FC3BF /* Release */,
			);
			defaultConfigurationIsVisible = 0;
			defaultConfigurationName = Release;
		};
/* End XCConfigurationList section */
	};
	rootObject = 4EF9BC961C7EBEF4001FC3BF /* Project object */;
}
